
Microsoft Visual Studio Solution File, Format Version 12.00
# Visual Studio Version 16
VisualStudioVersion = 16.0.30804.86
MinimumVisualStudioVersion = 10.0.40219.1
Project("{8BC9CEB8-8B4A-11D0-8D11-00A0C91BC942}") = "Boat", "Boat\Boat.vcxproj", "{11675A6F-0CD8-43B0-A125-7ED3B2621D7E}"
EndProject
Project("{54435603-DBB4-11D2-8724-00A0C9A8B90C}") = "CG Project", "CG Project\CG Project.vdproj", "{EA169351-EB5A-4911-9414-F72E05E2DF0C}"
EndProject
Global
	GlobalSection(SolutionConfigurationPlatforms) = preSolution
		Debug|x64 = Debug|x64
		Debug|x86 = Debug|x86
		Release|x64 = Release|x64
		Release|x86 = Release|x86
	EndGlobalSection
	GlobalSection(ProjectConfigurationPlatforms) = postSolution
		{11675A6F-0CD8-43B0-A125-7ED3B2621D7E}.Debug|x64.ActiveCfg = Debug|x64
		{11675A6F-0CD8-43B0-A125-7ED3B2621D7E}.Debug|x64.Build.0 = Debug|x64
		{11675A6F-0CD8-43B0-A125-7ED3B2621D7E}.Debug|x86.ActiveCfg = Debug|Win32
		{11675A6F-0CD8-43B0-A125-7ED3B2621D7E}.Debug|x86.Build.0 = Debug|Win32
		{11675A6F-0CD8-43B0-A125-7ED3B2621D7E}.Release|x64.ActiveCfg = Release|x64
		{11675A6F-0CD8-43B0-A125-7ED3B2621D7E}.Release|x64.Build.0 = Release|x64
		{11675A6F-0CD8-43B0-A125-7ED3B2621D7E}.Release|x86.ActiveCfg = Release|Win32
		{11675A6F-0CD8-43B0-A125-7ED3B2621D7E}.Release|x86.Build.0 = Release|Win32
		{EA169351-EB5A-4911-9414-F72E05E2DF0C}.Debug|x64.ActiveCfg = Debug
		{EA169351-EB5A-4911-9414-F72E05E2DF0C}.Debug|x86.ActiveCfg = Debug
		{EA169351-EB5A-4911-9414-F72E05E2DF0C}.Release|x64.ActiveCfg = Release
		{EA169351-EB5A-4911-9414-F72E05E2DF0C}.Release|x86.ActiveCfg = Release
	EndGlobalSection
	GlobalSection(SolutionProperties) = preSolution
		HideSolutionNode = FALSE
	EndGlobalSection
	GlobalSection(ExtensibilityGlobals) = postSolution
		SolutionGuid = {4485F8E5-B70D-4F71-AD71-7FC2E806794A}
	EndGlobalSection
EndGlobal
